
Microsoft Visual Studio Solution File, Format Version 12.00
# Visual Studio Version 17
VisualStudioVersion = 17.2.32616.157
MinimumVisualStudioVersion = 10.0.40219.1
Project("{FAE04EC0-301F-11D3-BF4B-00C04F79EFBC}") = "ExamsOne", "ExamsOne.csproj", "{0C37610F-1B1C-4EE8-B98A-2B99AFDD3E79}"
EndProject
Global
	GlobalSection(SolutionConfigurationPlatforms) = preSolution
		Debug|Any CPU = Debug|Any CPU
		Release|Any CPU = Release|Any CPU
	EndGlobalSection
	GlobalSection(ProjectConfigurationPlatforms) = postSolution
		{0C37610F-1B1C-4EE8-B98A-2B99AFDD3E79}.Debug|Any CPU.ActiveCfg = Debug|Any CPU
		{0C37610F-1B1C-4EE8-B98A-2B99AFDD3E79}.Debug|Any CPU.Build.0 = Debug|Any CPU
		{0C37610F-1B1C-4EE8-B98A-2B99AFDD3E79}.Release|Any CPU.ActiveCfg = Release|Any CPU
		{0C37610F-1B1C-4EE8-B98A-2B99AFDD3E79}.Release|Any CPU.Build.0 = Release|Any CPU
	EndGlobalSection
	GlobalSection(SolutionProperties) = preSolution
		HideSolutionNode = FALSE
	EndGlobalSection
	GlobalSection(ExtensibilityGlobals) = postSolution
		SolutionGuid = {320E7E12-AF68-494C-B45A-E8C25C02A2DA}
	EndGlobalSection
EndGlobal
